{
  "name": "blackbox-shared",
  "version": "1.0.0",
  "lockfileVersion": 1,
  "requires": true,
  "dependencies": {
    "@types/flatbuffers": {
      "version": "1.10.0",
      "resolved": "https://registry.npmjs.org/@types/flatbuffers/-/flatbuffers-1.10.0.tgz",
      "integrity": "sha512-7btbphLrKvo5yl/5CC2OCxUSMx1wV1wvGT1qDXkSt7yi00/YW7E8k6qzXqJHsp+WU0eoG7r6MTQQXI9lIvd0qA=="
    },
    "@types/node": {
      "version": "13.11.0",
      "resolved": "https://registry.npmjs.org/@types/node/-/node-13.11.0.tgz",
      "integrity": "sha512-uM4mnmsIIPK/yeO+42F2RQhGUIs39K2RFmugcJANppXe6J1nvH87PvzPZYpza7Xhhs8Yn9yIAVdLZ84z61+0xQ=="
    },
    "@types/ws": {
      "version": "7.2.3",
      "resolved": "https://registry.npmjs.org/@types/ws/-/ws-7.2.3.tgz",
      "integrity": "sha512-VT/GK7nvDA7lfHy40G3LKM+ICqmdIsBLBHGXcWD97MtqQEjNMX+7Gudo8YGpaSlYdTX7IFThhCE8Jx09HegymQ==",
      "requires": {
        "@types/node": "*"
      }
    },
    "flatbuffers": {
      "version": "1.12.0",
      "resolved": "https://registry.npmjs.org/flatbuffers/-/flatbuffers-1.12.0.tgz",
      "integrity": "sha512-c7CZADjRcl6j0PlvFy0ZqXQ67qSEZfrVPynmnL+2zPc+NtMvrF8Y0QceMo7QqnSPc7+uWjUIAbvCQ5WIKlMVdQ=="
    },
    "ws": {
      "version": "7.2.3",
      "resolved": "https://registry.npmjs.org/ws/-/ws-7.2.3.tgz",
      "integrity": "sha512-HTDl9G9hbkNDk98naoR/cHDws7+EyYMOdL1BmjsZXRUjf7d+MficC4B7HLUPlSiho0vg+CWKrGIt/VJBd1xunQ=="
    }
  }
}
